<Solution>
  <Folder Name="/src/">
    <Project Path="src/SysmlStudio.App/SysmlStudio.App.csproj" />
    <Project Path="src/SysmlStudio.Diagrams/SysmlStudio.Diagrams.csproj" />
    <Project Path="src/SysmlStudio.Editing/SysmlStudio.Editing.csproj" />
    <Project Path="src/SysmlStudio.Interchange/SysmlStudio.Interchange.csproj" />
    <Project Path="src/SysmlStudio.Model/SysmlStudio.Model.csproj" />
    <Project Path="src/SysmlStudio.Syntax/SysmlStudio.Syntax.csproj" />
  </Folder>
  <Folder Name="/tests/">
    <Project Path="tests/SysmlStudio.App.Tests/SysmlStudio.App.Tests.csproj" />
    <Project Path="tests/SysmlStudio.Tests/SysmlStudio.Tests.csproj" />
  </Folder>
  <Folder Name="/tools/">
    <Project Path="tools/ParseCheck/ParseCheck.csproj" />
    <Project Path="tools/Screenshots/Screenshots.csproj" />
  </Folder>
</Solution>
